github.com/coreos/go-systemd/v22 v22.5.0/go.mod h1:Y58oyj3AT4RCenI/lSvhwexgC+NSVTIJ3seZv2GcEnc=
github.com/davecgh/go-spew v1.1.1 h1:vj9j/u1bqnvCEfJOwUhtlOARqs3+rkHYY13jYWTU97c=
github.com/davecgh/go-spew v1.1.1/go.mod h1:J7Y8YcW2NihsgmVo/mv3lAwl/skON4iLHjSsI+c5H38=
github.com/go-resty/resty/v2 v2.15.3 h1:bqff+hcqAflpiF591hhJzNdkRsFhlB96CYfBwSFvql8=
github.com/go-resty/resty/v2 v2.15.3/go.mod h1:0fHAoK7JoBy/Ch36N8VFeMsK7xQOHhvWaC3iOktwmIU=
github.com/godbus/dbus/v5 v5.0.4/go.mod h1:xhWf0FNVPg57R7Z0UbKHbJfkEywrmjJnf7w5xrFpKfA=
github.com/golang-jwt/jwt v3.2.2+incompatible h1:IfV12K8xAKAnZqdXVzCZ+TOjboZ2keLg81eXfW3O+oY=
github.com/golang-jwt/jwt v3.2.2+incompatible/go.mod h1:8pz2t5EyA70fFQQSrl6XZXzqecmYZeUEB8OUGHkxJ+I=
github.com/labstack/echo/v4 v4.12.0 h1:IKpw49IMryVB2p1a4dzwlhP1O2Tf2E0Ir/450lH+kI0=
github.com/labstack/echo/v4 v4.12.0/go.mod h1:UP9Cr2DJXbOK3Kr9ONYzNowSh7HP0aG0ShAyycHSJvM=
github.com/labstack/gommon v0.4.2 h1:F8qTUNXgG1+6WQmqoUWnz8WiEU60mXVVw0P4ht1WRA0=
github.com/labstack/gommon v0.4.2/go.mod h1:QlUFxVM+SNXhDL/Z7YhocGIBYOiwB0mXm1+1bAPHPyU=
github.com/mattn/go-colorable v0.1.13 h1:fFA4WZxdEF4tXPZVKMLwD8oUnCTTo08duU7wxecdEvA=
github.com/mattn/go-colorable v0.1.13/go.mod h1:7S9/ev0klgBDR4GtXTXX8a3vIGJpMovkB8vQcUbaXHg=
github.com/mattn/go-isatty v0.0.16/go.mod h1:kYGgaQfpe5nmfYZH+SKPsOc2e4SrIfOl2e/yFXSvRLM=
github.com/mattn/go-isatty v0.0.19/go.mod h1:W+V8PltTTMOvKvAeJH7IuucS94S2C6jfK/D7dTCTo3Y=
github.com/mattn/go-isatty v0.0.20 h1:xfD0iDuEKnDkl03q4limB+vH+GxLEtL/jb4xVJSWWEY=
github.com/mattn/go-isatty v0.0.20/go.mod h1:W+V8PltTTMOvKvAeJH7IuucS94S2C6jfK/D7dTCTo3Y=
github.com/mohae/deepcopy v0.0.0-20170929034955-c48cc78d4826 h1:RWengNIwukTxcDr9M+97sNutRR1RKhG96O6jWumTTnw=
github.com/mohae/deepcopy v0.0.0-20170929034955-c48cc78d4826/go.mod h1:TaXosZuwdSHYgviHp1DAtfrULt5eUgsSMsZf+YrPgl8=
github.com/pkg/errors v0.9.1/go.mod h1:bwawxfHBFNV+L2hUp1rHADufV3IMtnDRdf1r5NINEl0=
github.com/pmezard/go-difflib v1.0.0 h1:4DBwDE0NGyQoBHbLQYPwSUPoCMWR5BEzIk/f1lZbAQM=
github.com/pmezard/go-difflib v1.0.0/go.mod h1:iKH77koFhYxTK1pcRnkKkqfTogsbg7gZNVY4sRDYZ/4=
github.com/richardlehane/mscfb v1.0.4 h1:WULscsljNPConisD5hR0+OyZjwK46Pfyr6mPu5ZawpM=
github.com/richardlehane/mscfb v1.0.4/go.mod h1:YzVpcZg9czvAuhk9T+a3avCpcFPMUWm7gK3DypaEsUk=
github.com/richardlehane/msoleps v1.0.1/go.mod h1:BWev5JBpU9Ko2WAgmZEuiz4/u3ZYTKbjLycmwiWUfWg=
github.com/richardlehane/msoleps v1.0.3 h1:aznSZzrwYRl3rLKRT3gUk9am7T/mLNSnJINvN0AQoVM=
github.com/richardlehane/msoleps v1.0.3/go.mod h1:BWev5JBpU9Ko2WAgmZEuiz4/u3ZYTKbjLycmwiWUfWg=
github.com/rs/xid v1.5.0/go.mod h1:trrq9SKmegXys3aeAKXMUTdJsYXVwGY3RLcfgqegfbg=
github.com/rs/zerolog v1.33.0 h1:1cU2KZkvPxNyfgEmhHAz/1A9Bz+llsdYzklWFzgp0r8=
github.com/rs/zerolog v1.33.0/go.mod h1:/7mN4D5sKwJLZQ2b/znpjC3/GQWY/xaDXUM0kKWRHss=
github.com/stretchr/testify v1.8.4 h1:CcVxjf3Q8PM0mHUKJCdn+eZZtm5yQwehR5yeSVQQcUk=
github.com/stretchr/testify v1.8.4/go.mod h1:sz/lmYIOXD/1dqDmKjjqLyZ2RngseejIcXlSw2iwfAo=
github.com/valyala/bytebufferpool v1.0.0 h1:GqA5TC/0021Y/b9FG4Oi9Mr3q7XYx6KllzawFIhcdPw=
github.com/valyala/bytebufferpool v1.0.0/go.mod h1:6bBcMArwyJ5K/AmCkWv1jt77kVWyCJ6HpOuEn7z0Csc=
github.com/valyala/fasttemplate v1.2.2 h1:lxLXG0uE3Qnshl9QyaK6XJxMXlQZELvChBOCmQD0Loo=
github.com/valyala/fasttemplate v1.2.2/go.mod h1:KHLXt3tVN2HBp8eijSv/kGJopbvo7S+qRAEEKiv+SiQ=
github.com/xifanyan/adp v0.0.0-20241015211728-501b55a12cb3 h1:DbpD3F2HCeNM8vsBPbai6aTdzrCu7C0xSm04//5RLpA=
github.com/xifanyan/adp v0.0.0-20241015211728-501b55a12cb3/go.mod h1:syodmEEjZzehsPWX6QijdAKTbnEgjLZDIuuOpJ1nM8U=
github.com/xifanyan/adp v0.0.0-20241015215130-f2e20be0dcf9 h1:qQ+Ut5AUI1EK6ujSm3LjSyIOFQlV9JhHcU3js5N/tWs=
github.com/xifanyan/adp v0.0.0-20241015215130-f2e20be0dcf9/go.mod h1:syodmEEjZzehsPWX6QijdAKTbnEgjLZDIuuOpJ1nM8U=
github.com/xifanyan/adp v0.0.0-20241016000958-3e23c7b86b54 h1:ewwjTHB+EfVsAfYULw/EGPFmLCNaA9MmNv4rQ0Dq+xo=
github.com/xifanyan/adp v0.0.0-20241016000958-3e23c7b86b54/go.mod h1:syodmEEjZzehsPWX6QijdAKTbnEgjLZDIuuOpJ1nM8U=
github.com/xifanyan/adp v0.0.0-20241021225823-c60fb7d2af37 h1:YZWk7jao07RtMKojEC4aPHb0sJhPdLPemaxfuhx3F68=
github.com/xifanyan/adp v0.0.0-20241021225823-c60fb7d2af37/go.mod h1:syodmEEjZzehsPWX6QijdAKTbnEgjLZDIuuOpJ1nM8U=
github.com/xifanyan/adp v0.0.0-20241022210030-7612b06a10f0 h1:hzpJ+qpw/59jLblAOKzFFiuAOIAO6m6tfCsuOjrORZU=
github.com/xifanyan/adp v0.0.0-20241022210030-7612b06a10f0/go.mod h1:syodmEEjZzehsPWX6QijdAKTbnEgjLZDIuuOpJ1nM8U=
github.com/xifanyan/adp v0.0.0-20241022211151-54983729c868 h1:hBYAs8U4hBG+oOmUFbaaCO5JTXThfEZFqPOyNSd+g/M=
github.com/xifanyan/adp v0.0.0-20241022211151-54983729c868/go.mod h1:syodmEEjZzehsPWX6QijdAKTbnEgjLZDIuuOpJ1nM8U=
github.com/xifanyan/adp v0.0.0-20241024164717-73ee0b725d4d h1:kZ5u9CjupZ8DKql/GiH2Yw314T3VnlOYswamzz8FFNU=
github.com/xifanyan/adp v0.0.0-20241024164717-73ee0b725d4d/go.mod h1:syodmEEjZzehsPWX6QijdAKTbnEgjLZDIuuOpJ1nM8U=
github.com/xifanyan/adp v0.0.0-20241025214023-5ec17667bd09 h1:k3t9XPmLSS0GHjOFHOI1qHN+XsdTHWblLR35bhbxZIs=
github.com/xifanyan/adp v0.0.0-20241025214023-5ec17667bd09/go.mod h1:syodmEEjZzehsPWX6QijdAKTbnEgjLZDIuuOpJ1nM8U=
github.com/xifanyan/adp v0.0.0-20241028201307-e40f9934aeb9 h1:+9EO/MnIuL99ZSxfZ93mmtsUfkG94R7EXZhAj9etBVc=
github.com/xifanyan/adp v0.0.0-20241028201307-e40f9934aeb9/go.mod h1:syodmEEjZzehsPWX6QijdAKTbnEgjLZDIuuOpJ1nM8U=
github.com/xifanyan/adp v0.0.0-20241101174057-6ed4ce5c7d14 h1:TtYiVogR2IdYG103QjX6FTKWrRPkfB2sfjA28XaMRAE=
github.com/xifanyan/adp v0.0.0-20241101174057-6ed4ce5c7d14/go.mod h1:syodmEEjZzehsPWX6QijdAKTbnEgjLZDIuuOpJ1nM8U=
github.com/xifanyan/adp v0.0.0-20241105001501-d17ed62ddda3 h1:fo5G7Ww1Rg4V1l52QAUroDzCvbVDuOeYy0ngD3ABIl8=
github.com/xifanyan/adp v0.0.0-20241105001501-d17ed62ddda3/go.mod h1:syodmEEjZzehsPWX6QijdAKTbnEgjLZDIuuOpJ1nM8U=
github.com/xifanyan/adp v0.0.0-20241107004514-008cef1d7481 h1:UXOr4UNazliQ1H3ORs4N78pMpWOU1TGkDFl1aWejv2E=
github.com/xifanyan/adp v0.0.0-20241107004514-008cef1d7481/go.mod h1:syodmEEjZzehsPWX6QijdAKTbnEgjLZDIuuOpJ1nM8U=
github.com/xifanyan/adp v0.0.0-20241107062927-49c7b793c929 h1:hd5GfEQn6ym6ebDf0n3+NQJjQaJtHOtNSWd3zlE4hUU=
github.com/xifanyan/adp v0.0.0-20241107062927-49c7b793c929/go.mod h1:syodmEEjZzehsPWX6QijdAKTbnEgjLZDIuuOpJ1nM8U=
github.com/xifanyan/adp v0.0.0-20241119234331-9e0c8250d0aa h1:tQ/lQ08XD8hhgravLTPqkJe8aqTtNlbpj9kJE5oIozw=
github.com/xifanyan/adp v0.0.0-20241119234331-9e0c8250d0aa/go.mod h1:syodmEEjZzehsPWX6QijdAKTbnEgjLZDIuuOpJ1nM8U=
github.com/xifanyan/adp v0.0.0-20241206200142-db30a57f5b10 h1:bbZlcc/U2sS41M8q/8BTYFeAMB9Qx1tXjVDj55T402I=
github.com/xifanyan/adp v0.0.0-20241206200142-db30a57f5b10/go.mod h1:syodmEEjZzehsPWX6QijdAKTbnEgjLZDIuuOpJ1nM8U=
github.com/xifanyan/adp v0.0.0-20241209225656-f8670f16b5f5 h1:o1gHizRnAAXUyzNQKu+q1L9SrOLkN470D7Ms+suYkeU=
github.com/xifanyan/adp v0.0.0-20241209225656-f8670f16b5f5/go.mod h1:syodmEEjZzehsPWX6QijdAKTbnEgjLZDIuuOpJ1nM8U=
github.com/xifanyan/adp v0.0.0-20241211211443-fc4f70febc02 h1:GWIZe2PvIhcFymKXs6iJQf08OzsHBbQoT54GOwIkXs8=
github.com/xifanyan/adp v0.0.0-20241211211443-fc4f70febc02/go.mod h1:syodmEEjZzehsPWX6QijdAKTbnEgjLZDIuuOpJ1nM8U=
github.com/xifanyan/adp v0.0.0-20241220175023-912df78da4d1 h1:Y2ycNn0yvDUVL3Jv5eol2obOAYq6urQjou6AhAXI3Tg=
github.com/xifanyan/adp v0.0.0-20241220175023-912df78da4d1/go.mod h1:syodmEEjZzehsPWX6QijdAKTbnEgjLZDIuuOpJ1nM8U=
github.com/xifanyan/adp v0.0.0-20241223220503-2d704c2237ed h1:n4JYin5a4WAcrYc/CjJlXP6GrfOywNsBBAG5Bk+LMgg=
github.com/xifanyan/adp v0.0.0-20241223220503-2d704c2237ed/go.mod h1:syodmEEjZzehsPWX6QijdAKTbnEgjLZDIuuOpJ1nM8U=
github.com/xifanyan/adp v0.0.0-20241223221929-db1a72b97c53 h1:yuuzb0ohEeuDdzFhZIwONTO8Pf2YOlgxrVxb7SERaoE=
github.com/xifanyan/adp v0.0.0-20241223221929-db1a72b97c53/go.mod h1:syodmEEjZzehsPWX6QijdAKTbnEgjLZDIuuOpJ1nM8U=
github.com/xifanyan/adp v0.0.0-20241226222708-3fa26a792f09 h1:0oFD4JfnuLG1OqOvK4hzSQgllR+PeCtM40uAIqqX0S4=
github.com/xifanyan/adp v0.0.0-20241226222708-3fa26a792f09/go.mod h1:syodmEEjZzehsPWX6QijdAKTbnEgjLZDIuuOpJ1nM8U=
github.com/xifanyan/adp v0.0.0-20241227225523-0603a3f483d7 h1:LS403hZdNZprfTknKa2Df5+ChssbBrm9Gpezr/GOfro=
github.com/xifanyan/adp v0.0.0-20241227225523-0603a3f483d7/go.mod h1:syodmEEjZzehsPWX6QijdAKTbnEgjLZDIuuOpJ1nM8U=
github.com/xifanyan/adp v0.0.0-20250205034816-f428283a6b4b h1:o+tX3nl7OslWQN6FyglcAxlz1lYeeNy7jveytxQMfO8=
github.com/xifanyan/adp v0.0.0-20250205034816-f428283a6b4b/go.mod h1:syodmEEjZzehsPWX6QijdAKTbnEgjLZDIuuOpJ1nM8U=
github.com/xifanyan/adp v0.0.0-20250210175932-62bab9b34d81 h1:B+YiWCl9buHn7mGguAp7iTEouNN5nBXbSaZ+dcV70OI=
github.com/xifanyan/adp v0.0.0-20250210175932-62bab9b34d81/go.mod h1:syodmEEjZzehsPWX6QijdAKTbnEgjLZDIuuOpJ1nM8U=
github.com/xifanyan/adp v0.0.0-20250210191652-f7a258579ef8 h1:CeQv/Eq4RfXqI03SfbC/tBqzXa+r+a8/Ht3VTwMvBuM=
github.com/xifanyan/adp v0.0.0-20250210191652-f7a258579ef8/go.mod h1:syodmEEjZzehsPWX6QijdAKTbnEgjLZDIuuOpJ1nM8U=
github.com/xuri/efp v0.0.0-20231025114914-d1ff6096ae53 h1:Chd9DkqERQQuHpXjR/HSV1jLZA6uaoiwwH3vSuF3IW0=
github.com/xuri/efp v0.0.0-20231025114914-d1ff6096ae53/go.mod h1:ybY/Jr0T0GTCnYjKqmdwxyxn2BQf2RcQIIvex5QldPI=
github.com/xuri/excelize/v2 v2.8.1 h1:pZLMEwK8ep+CLIUWpWmvW8IWE/yxqG0I1xcN6cVMGuQ=
github.com/xuri/excelize/v2 v2.8.1/go.mod h1:oli1E4C3Pa5RXg1TBXn4ENCXDV5JUMlBluUhG7c+CEE=
github.com/xuri/nfp v0.0.0-20230919160717-d98342af3f05 h1:qhbILQo1K3mphbwKh1vNm4oGezE1eF9fQWmNiIpSfI4=
github.com/xuri/nfp v0.0.0-20230919160717-d98342af3f05/go.mod h1:WwHg+CVyzlv/TX9xqBFXEZAuxOPxn2k1GNHwG41IIUQ=
golang.org/x/crypto v0.28.0 h1:GBDwsMXVQi34v5CCYUm2jkJvu4cbtru2U4TN2PSyQnw=
golang.org/x/crypto v0.28.0/go.mod h1:rmgy+3RHxRZMyY0jjAJShp2zgEdOqj2AO7U0pYmeQ7U=
golang.org/x/image v0.14.0 h1:tNgSxAFe3jC4uYqvZdTr84SZoM1KfwdC9SKIFrLjFn4=
golang.org/x/image v0.14.0/go.mod h1:HUYqC05R2ZcZ3ejNQsIHQDQiwWM4JBqmm6MKANTp4LE=
golang.org/x/net v0.30.0 h1:AcW1SDZMkb8IpzCdQUaIq2sP4sZ4zw+55h6ynffypl4=
golang.org/x/net v0.30.0/go.mod h1:2wGyMJ5iFasEhkwi13ChkO/t1ECNC4X4eBKkVFyYFlU=
golang.org/x/sys v0.0.0-20220811171246-fbc7d0a398ab/go.mod h1:oPkhp1MJrh7nUepCBck5+mAzfO9JrbApNNgaTdGDITg=
golang.org/x/sys v0.6.0/go.mod h1:oPkhp1MJrh7nUepCBck5+mAzfO9JrbApNNgaTdGDITg=
golang.org/x/sys v0.12.0/go.mod h1:oPkhp1MJrh7nUepCBck5+mAzfO9JrbApNNgaTdGDITg=
golang.org/x/sys v0.26.0 h1:KHjCJyddX0LoSTb3J+vWpupP9p0oznkqVk/IfjymZbo=
golang.org/x/sys v0.26.0/go.mod h1:/VUhepiaJMQUp4+oa/7Zr1D23ma6VTLIYjOOTFZPUcA=
golang.org/x/text v0.19.0 h1:kTxAhCbGbxhK0IwgSKiMO5awPoDQ0RpfiVYBfK860YM=
golang.org/x/text v0.19.0/go.mod h1:BuEKDfySbSR4drPmRPG/7iBdf8hvFMuRexcpahXilzY=
golang.org/x/time v0.6.0 h1:eTDhh4ZXt5Qf0augr54TN6suAUudPcawVZeIAPU7D4U=
golang.org/x/time v0.6.0/go.mod h1:3BpzKBy/shNhVucY/MWOyx10tF3SFh9QdLuxbVysPQM=
gopkg.in/yaml.v3 v3.0.1 h1:fxVm/GzAzEWqLHuvctI91KS9hhNmmWOoWu0XTYJS7CA=
gopkg.in/yaml.v3 v3.0.1/go.mod h1:K4uyk7z7BCEPqu6E+C64Yfv1cQ7kz7rIZviUmN+EgEM=
